
Microsoft Visual Studio Solution File, Format Version 12.00
# Visual Studio Version 16
VisualStudioVersion = 16.0.810.21
MinimumVisualStudioVersion = 10.0.40219.1
Project("{FAE04EC0-301F-11D3-BF4B-00C04F79EFBC}") = "GrapghQL.API.Demo", "GrapghQL.API.Demo\GrapghQL.API.Demo.csproj", "{58AD0CF8-5284-481F-9E5B-0FEFEBE486CC}"
EndProject
Global
	GlobalSection(SolutionConfigurationPlatforms) = preSolution
		Debug|Any CPU = Debug|Any CPU
		Release|Any CPU = Release|Any CPU
	EndGlobalSection
	GlobalSection(ProjectConfigurationPlatforms) = postSolution
		{58AD0CF8-5284-481F-9E5B-0FEFEBE486CC}.Debug|Any CPU.ActiveCfg = Debug|Any CPU
		{58AD0CF8-5284-481F-9E5B-0FEFEBE486CC}.Debug|Any CPU.Build.0 = Debug|Any CPU
		{58AD0CF8-5284-481F-9E5B-0FEFEBE486CC}.Release|Any CPU.ActiveCfg = Release|Any CPU
		{58AD0CF8-5284-481F-9E5B-0FEFEBE486CC}.Release|Any CPU.Build.0 = Release|Any CPU
	EndGlobalSection
	GlobalSection(SolutionProperties) = preSolution
		HideSolutionNode = FALSE
	EndGlobalSection
	GlobalSection(ExtensibilityGlobals) = postSolution
		SolutionGuid = {897D1540-9DAD-406F-AC5C-6CF375B05390}
	EndGlobalSection
EndGlobal
